name = "application_name"
version = "0.0.1"

["object-inspect@^1.9.0"]
version = "^1.9.0"
dependencies = []

["path-parse@^1.0.7"]
version = "^1.0.7"
dependencies = []

["@jridgewell/sourcemap-codec@^1.4.9"]
version = "^1.4.9"
dependencies = []

["cookie@0.5.0"]
version = "0.5.0"
dependencies = []

["bytes@3.1.2"]
version = "3.1.2"
dependencies = []

["@babel/plugin-transform-react-jsx-self@^7.18.6"]
version = "^7.18.6"
dependencies = ["@babel/helper-plugin-utils@^7.18.6"]

["ms@2.0.0"]
version = "2.0.0"
dependencies = []

["socket-store@0.0.2"]
version = "0.0.2"
dependencies = []

["utils-merge@1.0.1"]
version = "1.0.1"
dependencies = []

["@babel/helper-validator-option@^7.18.6"]
version = "^7.18.6"
dependencies = []

["color-convert@^1.0.0"]
version = "^1.0.0"
dependencies = []

["csstype@^3.0.2"]
version = "^3.0.2"
dependencies = []

["@babel/generator@^7.20.7"]
version = "^7.20.7"
dependencies = ["jsesc@^2.5.1", "@jridgewell/gen-mapping@^0.3.2", "@babel/types@^7.20.7"]

["destroy@1.2.0"]
version = "1.2.0"
dependencies = []

["path-to-regexp@0.1.7"]
version = "0.1.7"
dependencies = []

["has@^1.0.3"]
version = "^1.0.3"
dependencies = ["function-bind@^1.1.1"]

["qs@6.11.0"]
version = "6.11.0"
dependencies = ["side-channel@^1.0.4"]

["@babel/code-frame@^7.18.6"]
version = "^7.18.6"
dependencies = ["@babel/highlight@^7.18.6"]

["@babel/helper-module-imports@^7.18.6"]
version = "^7.18.6"
dependencies = ["@babel/types@^7.18.6"]

["accepts@~1.3.8"]
version = "~1.3.8"
dependencies = ["negotiator@0.6.3", "mime-types@~2.1.34"]

["@babel/helper-plugin-utils@^7.19.0"]
version = "^7.19.0"
dependencies = []

["esbuild@^0.17.5"]
version = "^0.17.5"
dependencies = ["@esbuild/sunos-x64@0.17.5", "@esbuild/darwin-arm64@0.17.5", "@esbuild/linux-riscv64@0.17.5", "@esbuild/freebsd-arm64@0.17.5", "@esbuild/linux-ia32@0.17.5", "@esbuild/linux-x64@0.17.5", "@esbuild/netbsd-x64@0.17.5", "@esbuild/win32-x64@0.17.5", "@esbuild/openbsd-x64@0.17.5", "@esbuild/android-arm64@0.17.5", "@esbuild/win32-arm64@0.17.5", "@esbuild/linux-ppc64@0.17.5", "@esbuild/android-arm@0.17.5", "@esbuild/linux-arm@0.17.5", "@esbuild/win32-ia32@0.17.5", "@esbuild/linux-mips64el@0.17.5", "@esbuild/linux-s390x@0.17.5", "@esbuild/freebsd-x64@0.17.5", "@esbuild/linux-arm64@0.17.5", "@esbuild/android-x64@0.17.5", "@esbuild/linux-loong64@0.17.5", "@esbuild/darwin-x64@0.17.5"]

["resolve@^1.22.1"]
version = "^1.22.1"
dependencies = ["supports-preserve-symlinks-flag@^1.0.0", "path-parse@^1.0.7", "is-core-module@^2.9.0"]

["@esbuild/sunos-x64@0.17.5"]
version = "0.17.5"
dependencies = []

["postcss@^8.4.21"]
version = "^8.4.21"
dependencies = ["nanoid@^3.3.4", "picocolors@^1.0.0", "source-map-js@^1.0.2"]

["function-bind@^1.1.1"]
version = "^1.1.1"
dependencies = []

["safe-buffer@5.2.1"]
version = "5.2.1"
dependencies = []

["side-channel@^1.0.4"]
version = "^1.0.4"
dependencies = ["get-intrinsic@^1.0.2", "object-inspect@^1.9.0", "call-bind@^1.0.0"]

["to-fast-properties@^2.0.0"]
version = "^2.0.0"
dependencies = []

["vary@~1.1.2"]
version = "~1.1.2"
dependencies = []

["cookie-signature@1.0.6"]
version = "1.0.6"
dependencies = []

["@jridgewell/sourcemap-codec@^1.4.13"]
version = "^1.4.13"
dependencies = []

["lru-cache@^5.1.1"]
version = "^5.1.1"
dependencies = ["yallist@^3.0.2"]

["finalhandler@1.2.0"]
version = "1.2.0"
dependencies = ["unpipe@~1.0.0", "on-finished@2.4.1", "escape-html@~1.0.3", "debug@2.6.9", "encodeurl@~1.0.2", "parseurl@~1.3.3", "statuses@2.0.1"]

["mime-db@1.51.0"]
version = "1.51.0"
dependencies = []

["vite@4.2.1"]
version = "4.2.1"
dependencies = ["esbuild@^0.17.5", "fsevents@~2.3.2", "postcss@^8.4.21", "resolve@^1.22.1", "rollup@^3.18.0"]

["forwarded@0.2.0"]
version = "0.2.0"
dependencies = []

["@esbuild/linux-arm@0.17.5"]
version = "0.17.5"
dependencies = []

["setprototypeof@1.2.0"]
version = "1.2.0"
dependencies = []

["caniuse-lite@^1.0.30001370"]
version = "^1.0.30001370"
dependencies = []

["@babel/helper-split-export-declaration@^7.18.6"]
version = "^7.18.6"
dependencies = ["@babel/types@^7.18.6"]

["inherits@2.0.4"]
version = "2.0.4"
dependencies = []

["semver@^6.3.0"]
version = "^6.3.0"
dependencies = []

["@esbuild/darwin-arm64@0.17.5"]
version = "0.17.5"
dependencies = []

["call-bind@^1.0.0"]
version = "^1.0.0"
dependencies = ["function-bind@^1.1.1", "get-intrinsic@^1.0.0"]

["@jridgewell/set-array@^1.0.1"]
version = "^1.0.1"
dependencies = []

["@babel/helper-plugin-utils@^7.18.6"]
version = "^7.18.6"
dependencies = []

["@esbuild/android-arm@0.17.5"]
version = "0.17.5"
dependencies = []

["array-flatten@1.1.1"]
version = "1.1.1"
dependencies = []

["debug@2.6.9"]
version = "2.6.9"
dependencies = ["ms@2.0.0"]

["@jridgewell/sourcemap-codec@^1.4.10"]
version = "^1.4.10"
dependencies = []

["browserslist@^4.21.3"]
version = "^4.21.3"
dependencies = ["node-releases@^2.0.6", "caniuse-lite@^1.0.30001370", "update-browserslist-db@^1.0.5", "electron-to-chromium@^1.4.202"]

["react-dom@18.2.0"]
version = "18.2.0"
dependencies = ["loose-envify@^1.1.0", "scheduler@^0.23.0"]

["@esbuild/linux-arm64@0.17.5"]
version = "0.17.5"
dependencies = []

["@types/react@*"]
version = "18.0.28"
dependencies = ["@types/prop-types@*", "csstype@^3.0.2", "@types/scheduler@*"]

["serve-static@1.15.0"]
version = "1.15.0"
dependencies = ["escape-html@~1.0.3", "parseurl@~1.3.3", "send@0.18.0", "encodeurl@~1.0.2"]

["typescript@4.9.3"]
version = "4.9.3"
dependencies = []

["parseurl@~1.3.3"]
version = "~1.3.3"
dependencies = []

["@esbuild/android-x64@0.17.5"]
version = "0.17.5"
dependencies = []

["fsevents@~2.3.2"]
version = "~2.3.2"
dependencies = []

["@babel/helper-simple-access@^7.20.2"]
version = "^7.20.2"
dependencies = ["@babel/types@^7.20.2"]

["unpipe@1.0.0"]
version = "1.0.0"
dependencies = []

["send@0.18.0"]
version = "0.18.0"
dependencies = ["encodeurl@~1.0.2", "escape-html@~1.0.3", "mime@1.6.0", "etag@~1.8.1", "depd@2.0.0", "range-parser@~1.2.1", "on-finished@2.4.1", "ms@2.1.3", "debug@2.6.9", "http-errors@2.0.0", "fresh@0.5.2", "statuses@2.0.1", "destroy@1.2.0"]

["raw-body@2.5.1"]
version = "2.5.1"
dependencies = ["iconv-lite@0.4.24", "http-errors@2.0.0", "unpipe@1.0.0", "bytes@3.1.2"]

["@babel/parser@^7.18.10"]
version = "^7.18.10"
dependencies = []

["proxy-addr@~2.0.7"]
version = "~2.0.7"
dependencies = ["ipaddr.js@1.9.1", "forwarded@0.2.0"]

["mime-db@1.40.0"]
version = "1.40.0"
dependencies = []

["@esbuild/linux-s390x@0.17.5"]
version = "0.17.5"
dependencies = []

["@babel/types@^7.18.10"]
version = "^7.18.10"
dependencies = ["@babel/helper-validator-identifier@^7.18.6", "to-fast-properties@^2.0.0", "@babel/helper-string-parser@^7.18.10"]

["@esbuild/android-arm64@0.17.5"]
version = "0.17.5"
dependencies = []

["supports-preserve-symlinks-flag@^1.0.0"]
version = "^1.0.0"
dependencies = []

["supports-color@^4.0.0"]
version = "^4.0.0"
dependencies = ["has-flag@^2.0.0"]

["@ampproject/remapping@^2.1.0"]
version = "^2.1.0"
dependencies = ["@jridgewell/trace-mapping@^0.3.0"]

["react@18.2.0"]
version = "18.2.0"
dependencies = ["loose-envify@^1.1.0"]

["express@4.18.2"]
version = "4.18.2"
dependencies = ["statuses@2.0.1", "content-type@~1.0.4", "fresh@0.5.2", "merge-descriptors@1.0.1", "accepts@~1.3.8", "content-disposition@0.5.4", "vary@~1.1.2", "debug@2.6.9", "range-parser@~1.2.1", "encodeurl@~1.0.2", "path-to-regexp@0.1.7", "utils-merge@1.0.1", "http-errors@2.0.0", "on-finished@2.4.1", "send@0.18.0", "cookie@0.5.0", "parseurl@~1.3.3", "body-parser@1.20.1", "array-flatten@1.1.1", "type-is@~1.6.18", "escape-html@~1.0.3", "qs@6.11.0", "proxy-addr@~2.0.7", "setprototypeof@1.2.0", "cookie-signature@1.0.6", "methods@~1.1.2", "depd@2.0.0", "finalhandler@1.2.0", "etag@~1.8.1", "safe-buffer@5.2.1", "serve-static@1.15.0"]

["magic-string@^0.27.0"]
version = "^0.27.0"
dependencies = ["@jridgewell/sourcemap-codec@^1.4.13"]

["type-is@~1.6.18"]
version = "~1.6.18"
dependencies = ["media-typer@0.3.0", "mime-types@~2.1.24"]

["@esbuild/darwin-x64@0.17.5"]
version = "0.17.5"
dependencies = []

["@babel/types@^7.20.7"]
version = "^7.20.7"
dependencies = ["@babel/helper-validator-identifier@^7.19.1", "@babel/helper-string-parser@^7.19.4", "to-fast-properties@^2.0.0"]

["@esbuild/linux-ia32@0.17.5"]
version = "0.17.5"
dependencies = []

["node-releases@^2.0.6"]
version = "^2.0.6"
dependencies = []

["@babel/helper-compilation-targets@^7.20.7"]
version = "^7.20.7"
dependencies = ["lru-cache@^5.1.1", "@babel/helper-validator-option@^7.18.6", "@babel/compat-data@^7.20.5", "browserslist@^4.21.3", "semver@^6.3.0"]

["chalk@^2.0.0"]
version = "^2.0.0"
dependencies = ["ansi-styles@^3.1.0", "supports-color@^4.0.0", "escape-string-regexp@^1.0.5"]

["ms@^2.1.1"]
version = "^2.1.1"
dependencies = []

["electron-to-chromium@^1.4.202"]
version = "^1.4.202"
dependencies = []

["@babel/helper-string-parser@^7.19.4"]
version = "^7.19.4"
dependencies = []

["@esbuild/linux-ppc64@0.17.5"]
version = "0.17.5"
dependencies = []

["update-browserslist-db@^1.0.5"]
version = "^1.0.5"
dependencies = ["escalade@^3.1.1", "picocolors@^1.0.0"]

["@babel/types@^7.20.2"]
version = "^7.20.2"
dependencies = ["@babel/helper-validator-identifier@^7.19.1", "to-fast-properties@^2.0.0", "@babel/helper-string-parser@^7.19.4"]

["@babel/plugin-transform-react-jsx-source@^7.19.6"]
version = "^7.19.6"
dependencies = ["@babel/helper-plugin-utils@^7.19.0"]

["@esbuild/openbsd-x64@0.17.5"]
version = "0.17.5"
dependencies = []

["content-disposition@0.5.4"]
version = "0.5.4"
dependencies = ["safe-buffer@5.2.1"]

["content-type@~1.0.4"]
version = "~1.0.4"
dependencies = []

["etag@~1.8.1"]
version = "~1.8.1"
dependencies = []

["loose-envify@^1.1.0"]
version = "^1.1.0"
dependencies = ["js-tokens@^1.0.1"]

["nanoid@^3.3.4"]
version = "^3.3.4"
dependencies = []

["@babel/highlight@^7.18.6"]
version = "^7.18.6"
dependencies = ["chalk@^2.0.0", "@babel/helper-validator-identifier@^7.18.6", "js-tokens@^4.0.0"]

["encodeurl@~1.0.2"]
version = "~1.0.2"
dependencies = []

["react-refresh@^0.14.0"]
version = "^0.14.0"
dependencies = []

["rollup@^3.18.0"]
version = "^3.18.0"
dependencies = ["fsevents@~2.3.2"]

["@babel/helper-string-parser@^7.18.10"]
version = "^7.18.10"
dependencies = []

["@jridgewell/gen-mapping@^0.3.2"]
version = "^0.3.2"
dependencies = ["@jridgewell/sourcemap-codec@^1.4.10", "@jridgewell/set-array@^1.0.1", "@jridgewell/trace-mapping@^0.3.9"]

["jsesc@^2.5.1"]
version = "^2.5.1"
dependencies = []

["fresh@0.5.2"]
version = "0.5.2"
dependencies = []

["depd@2.0.0"]
version = "2.0.0"
dependencies = []

["@babel/traverse@^7.20.12"]
version = "^7.20.12"
dependencies = ["@babel/helper-function-name@^7.19.0", "@babel/helper-split-export-declaration@^7.18.6", "@babel/helper-hoist-variables@^7.18.6", "@babel/code-frame@^7.18.6", "@babel/generator@^7.20.7", "@babel/parser@^7.20.7", "@babel/types@^7.20.7", "debug@^4.1.0", "@babel/helper-environment-visitor@^7.18.9", "globals@^11.1.0"]

["ipaddr.js@1.9.1"]
version = "1.9.1"
dependencies = []

["@esbuild/win32-ia32@0.17.5"]
version = "0.17.5"
dependencies = []

["escalade@^3.1.1"]
version = "^3.1.1"
dependencies = []

["js-tokens@^4.0.0"]
version = "^4.0.0"
dependencies = []

["safer-buffer@2.1.2"]
version = "2.1.2"
dependencies = []

["ee-first@1.1.1"]
version = "1.1.1"
dependencies = []

["@esbuild/win32-arm64@0.17.5"]
version = "0.17.5"
dependencies = []

["@esbuild/linux-x64@0.17.5"]
version = "0.17.5"
dependencies = []

["is-core-module@^2.9.0"]
version = "^2.9.0"
dependencies = ["has@^1.0.3"]

["methods@~1.1.2"]
version = "~1.1.2"
dependencies = []

["@types/scheduler@*"]
version = "0.16.3"
dependencies = []

["@types/prop-types@*"]
version = "15.7.5"
dependencies = []

["toidentifier@1.0.1"]
version = "1.0.1"
dependencies = []

["yallist@^3.0.2"]
version = "^3.0.2"
dependencies = []

["@babel/helper-environment-visitor@^7.18.9"]
version = "^7.18.9"
dependencies = []

["@babel/parser@^7.20.7"]
version = "^7.20.7"
dependencies = []

["@esbuild/freebsd-arm64@0.17.5"]
version = "0.17.5"
dependencies = []

["gensync@^1.0.0-beta.2"]
version = "^1.0.0-beta.2"
dependencies = []

["@babel/helper-validator-identifier@^7.18.6"]
version = "^7.18.6"
dependencies = []

["has-flag@^2.0.0"]
version = "^2.0.0"
dependencies = []

["@babel/helpers@^7.20.7"]
version = "^7.20.7"
dependencies = ["@babel/types@^7.20.7", "@babel/traverse@^7.20.7", "@babel/template@^7.20.7"]

["@esbuild/linux-loong64@0.17.5"]
version = "0.17.5"
dependencies = []

["@babel/helper-module-transforms@^7.20.11"]
version = "^7.20.11"
dependencies = ["@babel/helper-split-export-declaration@^7.18.6", "@babel/traverse@^7.20.10", "@babel/types@^7.20.7", "@babel/helper-environment-visitor@^7.18.9", "@babel/helper-simple-access@^7.20.2", "@babel/template@^7.20.7", "@babel/helper-module-imports@^7.18.6", "@babel/helper-validator-identifier@^7.19.1"]

["@jridgewell/resolve-uri@^3.0.3"]
version = "^3.0.3"
dependencies = []

["@babel/template@^7.18.10"]
version = "^7.18.10"
dependencies = ["@babel/types@^7.18.10", "@babel/parser@^7.18.10", "@babel/code-frame@^7.18.6"]

["statuses@2.0.1"]
version = "2.0.1"
dependencies = []

["unpipe@~1.0.0"]
version = "~1.0.0"
dependencies = []

["media-typer@0.3.0"]
version = "0.3.0"
dependencies = []

["negotiator@0.6.3"]
version = "0.6.3"
dependencies = []

["get-intrinsic@^1.0.0"]
version = "^1.0.0"
dependencies = []

["@jridgewell/trace-mapping@^0.3.9"]
version = "^0.3.9"
dependencies = ["@jridgewell/resolve-uri@^3.0.3", "@jridgewell/sourcemap-codec@^1.4.10"]

["debug@^4.1.0"]
version = "^4.1.0"
dependencies = ["ms@^2.1.1"]

["http-errors@2.0.0"]
version = "2.0.0"
dependencies = ["toidentifier@1.0.1", "setprototypeof@1.2.0", "depd@2.0.0", "inherits@2.0.4", "statuses@2.0.1"]

["@babel/core@^7.20.12"]
version = "^7.20.12"
dependencies = ["@babel/helpers@^7.20.7", "@ampproject/remapping@^2.1.0", "@babel/parser@^7.20.7", "@babel/types@^7.20.7", "@babel/helper-compilation-targets@^7.20.7", "@babel/generator@^7.20.7", "gensync@^1.0.0-beta.2", "json5@^2.2.2", "@babel/helper-module-transforms@^7.20.11", "@babel/traverse@^7.20.12", "semver@^6.3.0", "@babel/template@^7.20.7", "convert-source-map@^1.7.0", "@babel/code-frame@^7.18.6", "debug@^4.1.0"]

["@types/react@18.0.28"]
version = "18.0.28"
dependencies = ["@types/prop-types@*", "@types/scheduler@*", "csstype@^3.0.2"]

["@babel/helper-string-parser@7.19.4"]
version = "7.19.4"
dependencies = []

["on-finished@2.4.1"]
version = "2.4.1"
dependencies = ["ee-first@1.1.1"]

["source-map-js@^1.0.2"]
version = "^1.0.2"
dependencies = []

["@babel/helper-hoist-variables@^7.18.6"]
version = "^7.18.6"
dependencies = ["@babel/types@^7.18.6"]

["js-tokens@^1.0.1"]
version = "^1.0.1"
dependencies = []

["@babel/traverse@^7.20.7"]
version = "^7.20.7"
dependencies = ["@babel/code-frame@^7.18.6", "@babel/helper-hoist-variables@^7.18.6", "@babel/helper-function-name@^7.19.0", "globals@^11.1.0", "@babel/helper-environment-visitor@^7.18.9", "@babel/helper-split-export-declaration@^7.18.6", "@babel/types@^7.20.7", "@babel/parser@^7.20.7", "debug@^4.1.0", "@babel/generator@^7.20.7"]

["@types/react-dom@18.0.11"]
version = "18.0.11"
dependencies = ["@types/react@*"]

["@esbuild/netbsd-x64@0.17.5"]
version = "0.17.5"
dependencies = []

["merge-descriptors@1.0.1"]
version = "1.0.1"
dependencies = []

["iconv-lite@0.4.24"]
version = "0.4.24"
dependencies = ["safer-buffer@>= 2.1.2 < 3"]

["picocolors@^1.0.0"]
version = "^1.0.0"
dependencies = []

["@esbuild/freebsd-x64@0.17.5"]
version = "0.17.5"
dependencies = []

["safe-buffer@~5.1.1"]
version = "~5.1.1"
dependencies = []

["json5@^2.2.2"]
version = "^2.2.2"
dependencies = []

["scheduler@^0.23.0"]
version = "^0.23.0"
dependencies = ["loose-envify@^1.1.0"]

["@esbuild/linux-riscv64@0.17.5"]
version = "0.17.5"
dependencies = []

["@babel/helper-function-name@^7.19.0"]
version = "^7.19.0"
dependencies = ["@babel/template@^7.18.10", "@babel/types@^7.19.0"]

["@babel/helper-validator-identifier@^7.19.1"]
version = "^7.19.1"
dependencies = []

["@babel/traverse@^7.20.10"]
version = "^7.20.10"
dependencies = ["@babel/generator@^7.20.7", "@babel/helper-split-export-declaration@^7.18.6", "@babel/helper-hoist-variables@^7.18.6", "@babel/helper-function-name@^7.19.0", "@babel/helper-environment-visitor@^7.18.9", "@babel/types@^7.20.7", "@babel/parser@^7.20.7", "debug@^4.1.0", "globals@^11.1.0", "@babel/code-frame@^7.18.6"]

["@jridgewell/trace-mapping@^0.3.0"]
version = "^0.3.0"
dependencies = ["@jridgewell/sourcemap-codec@^1.4.9", "@jridgewell/resolve-uri@^3.0.3"]

["ansi-styles@^3.1.0"]
version = "^3.1.0"
dependencies = ["color-convert@^1.0.0"]

["escape-string-regexp@^1.0.5"]
version = "^1.0.5"
dependencies = []

["@babel/template@^7.20.7"]
version = "^7.20.7"
dependencies = ["@babel/code-frame@^7.18.6", "@babel/types@^7.20.7", "@babel/parser@^7.20.7"]

["@babel/types@^7.19.0"]
version = "^7.19.0"
dependencies = ["@babel/helper-string-parser@^7.18.10", "@babel/helper-validator-identifier@^7.18.6", "to-fast-properties@^2.0.0"]

["@esbuild/linux-mips64el@0.17.5"]
version = "0.17.5"
dependencies = []

["body-parser@1.20.1"]
version = "1.20.1"
dependencies = ["debug@2.6.9", "type-is@~1.6.18", "qs@6.11.0", "depd@2.0.0", "http-errors@2.0.0", "on-finished@2.4.1", "destroy@1.2.0", "raw-body@2.5.1", "content-type@~1.0.4", "bytes@3.1.2", "iconv-lite@0.4.24", "unpipe@1.0.0"]

["get-intrinsic@^1.0.2"]
version = "^1.0.2"
dependencies = ["function-bind@^1.1.1", "has-symbols@^1.0.1", "has@^1.0.3"]

["has-symbols@^1.0.1"]
version = "^1.0.1"
dependencies = []

["mime-types@~2.1.24"]
version = "~2.1.24"
dependencies = ["mime-db@1.40.0"]

["escape-html@~1.0.3"]
version = "~1.0.3"
dependencies = []

["mime-types@~2.1.34"]
version = "~2.1.34"
dependencies = ["mime-db@1.51.0"]

["convert-source-map@^1.7.0"]
version = "^1.7.0"
dependencies = ["safe-buffer@~5.1.1"]

["ms@2.1.3"]
version = "2.1.3"
dependencies = []

["globals@^11.1.0"]
version = "^11.1.0"
dependencies = []

["@esbuild/win32-x64@0.17.5"]
version = "0.17.5"
dependencies = []

["mime@1.6.0"]
version = "1.6.0"
dependencies = []

["@vitejs/plugin-react@3.1.0"]
version = "3.1.0"
dependencies = ["react-refresh@^0.14.0", "@babel/core@^7.20.12", "@babel/plugin-transform-react-jsx-self@^7.18.6", "magic-string@^0.27.0", "@babel/plugin-transform-react-jsx-source@^7.19.6"]

["range-parser@~1.2.1"]
version = "~1.2.1"
dependencies = []

["@babel/compat-data@^7.20.5"]
version = "^7.20.5"
dependencies = []

["@babel/types@^7.18.6"]
version = "^7.18.6"
dependencies = ["to-fast-properties@^2.0.0", "@babel/helper-validator-identifier@^7.18.6"]
